
Microsoft Visual Studio Solution File, Format Version 12.00
# Visual Studio Version 17
VisualStudioVersion = 17.8.34316.72
MinimumVisualStudioVersion = 10.0.40219.1
Project("{FAE04EC0-301F-11D3-BF4B-00C04F79EFBC}") = "DataStructuresAndAlgorithms", "DataStructuresAndAlgorithms.csproj", "{273C6C23-0155-4632-85C0-18167C5781D2}"
EndProject
Global
	GlobalSection(SolutionConfigurationPlatforms) = preSolution
		Debug|Any CPU = Debug|Any CPU
		Release|Any CPU = Release|Any CPU
	EndGlobalSection
	GlobalSection(ProjectConfigurationPlatforms) = postSolution
		{273C6C23-0155-4632-85C0-18167C5781D2}.Debug|Any CPU.ActiveCfg = Debug|Any CPU
		{273C6C23-0155-4632-85C0-18167C5781D2}.Debug|Any CPU.Build.0 = Debug|Any CPU
		{273C6C23-0155-4632-85C0-18167C5781D2}.Release|Any CPU.ActiveCfg = Release|Any CPU
		{273C6C23-0155-4632-85C0-18167C5781D2}.Release|Any CPU.Build.0 = Release|Any CPU
	EndGlobalSection
	GlobalSection(SolutionProperties) = preSolution
		HideSolutionNode = FALSE
	EndGlobalSection
	GlobalSection(ExtensibilityGlobals) = postSolution
		SolutionGuid = {D2ACE28F-BC7B-4E07-B022-B27C30AAB219}
	EndGlobalSection
EndGlobal
